PODS:
  - CryptoSwift (0.13.0)

DEPENDENCIES:
  - CryptoSwift (~> 0.12)

SPEC REPOS:
  https://github.com/cocoapods/specs.git:
    - CryptoSwift

SPEC CHECKSUMS:
  CryptoSwift: 16e78bebf567bad1c87b2d58f6547f25b74c31aa

PODFILE CHECKSUM: 83ffc0da174e3835f1ed11bc781abbc6250af8e0

COCOAPODS: 1.6.0.beta.1
