PODS:
  - CryptoSwift (0.13.0)

DEPENDENCIES:
  - CryptoSwift (~> 0.13)

SPEC REPOS:
  https://github.com/cocoapods/specs.git:
    - CryptoSwift

SPEC CHECKSUMS:
  CryptoSwift: 16e78bebf567bad1c87b2d58f6547f25b74c31aa

PODFILE CHECKSUM: e0f86936b39e097991e9f10c6d915050922b8b40

COCOAPODS: 1.6.0.beta.1
