// !$*UTF8*$!
{
	archiveVersion = 1;
	classes = {
	};
	objectVersion = 46;
	objects = {

/* Begin PBXBuildFile section */
		C84575241D3CCCF2007C936A /* AppDelegate.swift in Sources */ = {isa = PBXBuildFile; fileRef = C84575231D3CCCF2007C936A /* AppDelegate.swift */; };
		C84575261D3CCCF2007C936A /* MainViewController.swift in Sources */ = {isa = PBXBuildFile; fileRef = C84575251D3CCCF2007C936A /* MainViewController.swift */; };
		C84575291D3CCCF2007C936A /* Main.storyboard in Resources */ = {isa = PBXBuildFile; fileRef = C84575271D3CCCF2007C936A /* Main.storyboard */; };
		C845752B1D3CCCF2007C936A /* Assets.xcassets in Resources */ = {isa = PBXBuildFile; fileRef = C845752A1D3CCCF2007C936A /* Assets.xcassets */; };
		C845752E1D3CCCF2007C936A /* LaunchScreen.storyboard in Resources */ = {isa = PBXBuildFile; fileRef = C845752C1D3CCCF2007C936A /* LaunchScreen.storyboard */; };
		C85846AF1E00DE9500EA8EE4 /* HorizontalMenuViewController.swift in Sources */ = {isa = PBXBuildFile; fileRef = C85846AE1E00DE9500EA8EE4 /* HorizontalMenuViewController.swift */; };
		C8AA35A61D951B4600AA5CB1 /* NSDateCategory.swift in Sources */ = {isa = PBXBuildFile; fileRef = C8AA35991D951B4600AA5CB1 /* NSDateCategory.swift */; };
		C8AA35A71D951B4600AA5CB1 /* NSDecimalNumberCategory.swift in Sources */ = {isa = PBXBuildFile; fileRef = C8AA359A1D951B4600AA5CB1 /* NSDecimalNumberCategory.swift */; };
		C8AA35A81D951B4600AA5CB1 /* NSLocalCategory.swift in Sources */ = {isa = PBXBuildFile; fileRef = C8AA359B1D951B4600AA5CB1 /* NSLocalCategory.swift */; };
		C8AA35A91D951B4600AA5CB1 /* StringCategory.swift in Sources */ = {isa = PBXBuildFile; fileRef = C8AA359C1D951B4600AA5CB1 /* StringCategory.swift */; };
		C8AA35AA1D951B4600AA5CB1 /* UIColorCategory.swift in Sources */ = {isa = PBXBuildFile; fileRef = C8AA359D1D951B4600AA5CB1 /* UIColorCategory.swift */; };
		C8AA35AB1D951B4600AA5CB1 /* UIImageCategory.swift in Sources */ = {isa = PBXBuildFile; fileRef = C8AA359E1D951B4600AA5CB1 /* UIImageCategory.swift */; };
		C8AA35AC1D951B4600AA5CB1 /* AppInfo.swift in Sources */ = {isa = PBXBuildFile; fileRef = C8AA35A01D951B4600AA5CB1 /* AppInfo.swift */; };
		C8AA35AD1D951B4600AA5CB1 /* UIAlertControllerEx.swift in Sources */ = {isa = PBXBuildFile; fileRef = C8AA35A21D951B4600AA5CB1 /* UIAlertControllerEx.swift */; };
		C8AA35AE1D951B4600AA5CB1 /* UIViewCategory.swift in Sources */ = {isa = PBXBuildFile; fileRef = C8AA35A41D951B4600AA5CB1 /* UIViewCategory.swift */; };
		C8AA35AF1D951B4600AA5CB1 /* WKCheckBox.swift in Sources */ = {isa = PBXBuildFile; fileRef = C8AA35A51D951B4600AA5CB1 /* WKCheckBox.swift */; };
		C8B46E921DC71F6D00B0B2D1 /* WKQRCodeGenerator.swift in Sources */ = {isa = PBXBuildFile; fileRef = C8B46E911DC71F6D00B0B2D1 /* WKQRCodeGenerator.swift */; };
		C8DD08631DED76060094771C /* WKHorizontalMenuView.swift in Sources */ = {isa = PBXBuildFile; fileRef = C8DD08621DED76060094771C /* WKHorizontalMenuView.swift */; };
		C8DD08651DEE593B0094771C /* WKPlaceholderTextView.swift in Sources */ = {isa = PBXBuildFile; fileRef = C8DD08641DEE593B0094771C /* WKPlaceholderTextView.swift */; };
		C8EDCC791D9E33B7006F9916 /* WKBaseServices.bundle in Resources */ = {isa = PBXBuildFile; fileRef = C8EDCC781D9E33B7006F9916 /* WKBaseServices.bundle */; };
/* End PBXBuildFile section */

/* Begin PBXFileReference section */
		C84575201D3CCCF2007C936A /* WKBaseServicesSwift.app */ = {isa = PBXFileReference; explicitFileType = wrapper.application; includeInIndex = 0; path = WKBaseServicesSwift.app; sourceTree = BUILT_PRODUCTS_DIR; };
		C84575231D3CCCF2007C936A /* AppDelegate.swift */ = {isa = PBXFileReference; lastKnownFileType = sourcecode.swift; path = AppDelegate.swift; sourceTree = "<group>"; };
		C84575251D3CCCF2007C936A /* MainViewController.swift */ = {isa = PBXFileReference; lastKnownFileType = sourcecode.swift; path = MainViewController.swift; sourceTree = "<group>"; };
		C84575281D3CCCF2007C936A /* Base */ = {isa = PBXFileReference; lastKnownFileType = file.storyboard; name = Base; path = Base.lproj/Main.storyboard; sourceTree = "<group>"; };
		C845752A1D3CCCF2007C936A /* Assets.xcassets */ = {isa = PBXFileReference; lastKnownFileType = folder.assetcatalog; path = Assets.xcassets; sourceTree = "<group>"; };
		C845752D1D3CCCF2007C936A /* Base */ = {isa = PBXFileReference; lastKnownFileType = file.storyboard; name = Base; path = Base.lproj/LaunchScreen.storyboard; sourceTree = "<group>"; };
		C845752F1D3CCCF2007C936A /* Info.plist */ = {isa = PBXFileReference; lastKnownFileType = text.plist.xml; path = Info.plist; sourceTree = "<group>"; };
		C85846AE1E00DE9500EA8EE4 /* HorizontalMenuViewController.swift */ = {isa = PBXFileReference; fileEncoding = 4; lastKnownFileType = sourcecode.swift; path = HorizontalMenuViewController.swift; sourceTree = "<group>"; };
		C8AA35991D951B4600AA5CB1 /* NSDateCategory.swift */ = {isa = PBXFileReference; fileEncoding = 4; lastKnownFileType = sourcecode.swift; path = NSDateCategory.swift; sourceTree = "<group>"; };
		C8AA359A1D951B4600AA5CB1 /* NSDecimalNumberCategory.swift */ = {isa = PBXFileReference; fileEncoding = 4; lastKnownFileType = sourcecode.swift; path = NSDecimalNumberCategory.swift; sourceTree = "<group>"; };
		C8AA359B1D951B4600AA5CB1 /* NSLocalCategory.swift */ = {isa = PBXFileReference; fileEncoding = 4; lastKnownFileType = sourcecode.swift; path = NSLocalCategory.swift; sourceTree = "<group>"; };
		C8AA359C1D951B4600AA5CB1 /* StringCategory.swift */ = {isa = PBXFileReference; fileEncoding = 4; lastKnownFileType = sourcecode.swift; path = StringCategory.swift; sourceTree = "<group>"; };
		C8AA359D1D951B4600AA5CB1 /* UIColorCategory.swift */ = {isa = PBXFileReference; fileEncoding = 4; lastKnownFileType = sourcecode.swift; path = UIColorCategory.swift; sourceTree = "<group>"; };
		C8AA359E1D951B4600AA5CB1 /* UIImageCategory.swift */ = {isa = PBXFileReference; fileEncoding = 4; lastKnownFileType = sourcecode.swift; path = UIImageCategory.swift; sourceTree = "<group>"; };
		C8AA35A01D951B4600AA5CB1 /* AppInfo.swift */ = {isa = PBXFileReference; fileEncoding = 4; lastKnownFileType = sourcecode.swift; path = AppInfo.swift; sourceTree = "<group>"; };
		C8AA35A21D951B4600AA5CB1 /* UIAlertControllerEx.swift */ = {isa = PBXFileReference; fileEncoding = 4; lastKnownFileType = sourcecode.swift; path = UIAlertControllerEx.swift; sourceTree = "<group>"; };
		C8AA35A41D951B4600AA5CB1 /* UIViewCategory.swift */ = {isa = PBXFileReference; fileEncoding = 4; lastKnownFileType = sourcecode.swift; path = UIViewCategory.swift; sourceTree = "<group>"; };
		C8AA35A51D951B4600AA5CB1 /* WKCheckBox.swift */ = {isa = PBXFileReference; fileEncoding = 4; lastKnownFileType = sourcecode.swift; path = WKCheckBox.swift; sourceTree = "<group>"; };
		C8B46E911DC71F6D00B0B2D1 /* WKQRCodeGenerator.swift */ = {isa = PBXFileReference; fileEncoding = 4; lastKnownFileType = sourcecode.swift; path = WKQRCodeGenerator.swift; sourceTree = "<group>"; };
		C8DD08621DED76060094771C /* WKHorizontalMenuView.swift */ = {isa = PBXFileReference; fileEncoding = 4; lastKnownFileType = sourcecode.swift; path = WKHorizontalMenuView.swift; sourceTree = "<group>"; };
		C8DD08641DEE593B0094771C /* WKPlaceholderTextView.swift */ = {isa = PBXFileReference; fileEncoding = 4; lastKnownFileType = sourcecode.swift; path = WKPlaceholderTextView.swift; sourceTree = "<group>"; };
		C8DD08801DEEC7370094771C /* module.modulemap */ = {isa = PBXFileReference; fileEncoding = 4; lastKnownFileType = "sourcecode.module-map"; path = module.modulemap; sourceTree = "<group>"; };
		C8EDCC781D9E33B7006F9916 /* WKBaseServices.bundle */ = {isa = PBXFileReference; lastKnownFileType = "wrapper.plug-in"; path = WKBaseServices.bundle; sourceTree = "<group>"; };
/* End PBXFileReference section */

/* Begin PBXFrameworksBuildPhase section */
		C845751D1D3CCCF2007C936A /* Frameworks */ = {
			isa = PBXFrameworksBuildPhase;
			buildActionMask = 2147483647;
			files = (
			);
			runOnlyForDeploymentPostprocessing = 0;
		};
/* End PBXFrameworksBuildPhase section */

/* Begin PBXGroup section */
		C830204E1D49E54100AC9142 /* Supporting Files */ = {
			isa = PBXGroup;
			children = (
				C845752A1D3CCCF2007C936A /* Assets.xcassets */,
				C84575231D3CCCF2007C936A /* AppDelegate.swift */,
				C845752C1D3CCCF2007C936A /* LaunchScreen.storyboard */,
				C845752F1D3CCCF2007C936A /* Info.plist */,
			);
			name = "Supporting Files";
			sourceTree = "<group>";
		};
		C84575171D3CCCF2007C936A = {
			isa = PBXGroup;
			children = (
				C8AA35971D951B4600AA5CB1 /* Sources */,
				C84575221D3CCCF2007C936A /* WKBaseServicesSwift */,
				C84575211D3CCCF2007C936A /* Products */,
			);
			sourceTree = "<group>";
		};
		C84575211D3CCCF2007C936A /* Products */ = {
			isa = PBXGroup;
			children = (
				C84575201D3CCCF2007C936A /* WKBaseServicesSwift.app */,
			);
			name = Products;
			sourceTree = "<group>";
		};
		C84575221D3CCCF2007C936A /* WKBaseServicesSwift */ = {
			isa = PBXGroup;
			children = (
				C85846AD1E00DE7900EA8EE4 /* Examples */,
				C84575251D3CCCF2007C936A /* MainViewController.swift */,
				C84575271D3CCCF2007C936A /* Main.storyboard */,
				C830204E1D49E54100AC9142 /* Supporting Files */,
			);
			path = WKBaseServicesSwift;
			sourceTree = "<group>";
		};
		C85846AD1E00DE7900EA8EE4 /* Examples */ = {
			isa = PBXGroup;
			children = (
				C85846AE1E00DE9500EA8EE4 /* HorizontalMenuViewController.swift */,
			);
			path = Examples;
			sourceTree = "<group>";
		};
		C8AA35971D951B4600AA5CB1 /* Sources */ = {
			isa = PBXGroup;
			children = (
				C8DD08801DEEC7370094771C /* module.modulemap */,
				C8EDCC771D9E338A006F9916 /* Resources */,
				C8AA35981D951B4600AA5CB1 /* Category */,
				C8AA359F1D951B4600AA5CB1 /* Common */,
				C8AA35A11D951B4600AA5CB1 /* Controller */,
				C8AA35A31D951B4600AA5CB1 /* View */,
			);
			path = Sources;
			sourceTree = "<group>";
		};
		C8AA35981D951B4600AA5CB1 /* Category */ = {
			isa = PBXGroup;
			children = (
				C8AA35991D951B4600AA5CB1 /* NSDateCategory.swift */,
				C8AA359A1D951B4600AA5CB1 /* NSDecimalNumberCategory.swift */,
				C8AA359B1D951B4600AA5CB1 /* NSLocalCategory.swift */,
				C8AA359C1D951B4600AA5CB1 /* StringCategory.swift */,
				C8AA359D1D951B4600AA5CB1 /* UIColorCategory.swift */,
				C8AA359E1D951B4600AA5CB1 /* UIImageCategory.swift */,
			);
			path = Category;
			sourceTree = "<group>";
		};
		C8AA359F1D951B4600AA5CB1 /* Common */ = {
			isa = PBXGroup;
			children = (
				C8AA35A01D951B4600AA5CB1 /* AppInfo.swift */,
				C8B46E911DC71F6D00B0B2D1 /* WKQRCodeGenerator.swift */,
			);
			path = Common;
			sourceTree = "<group>";
		};
		C8AA35A11D951B4600AA5CB1 /* Controller */ = {
			isa = PBXGroup;
			children = (
				C8AA35A21D951B4600AA5CB1 /* UIAlertControllerEx.swift */,
			);
			path = Controller;
			sourceTree = "<group>";
		};
		C8AA35A31D951B4600AA5CB1 /* View */ = {
			isa = PBXGroup;
			children = (
				C8DD08621DED76060094771C /* WKHorizontalMenuView.swift */,
				C8AA35A41D951B4600AA5CB1 /* UIViewCategory.swift */,
				C8AA35A51D951B4600AA5CB1 /* WKCheckBox.swift */,
				C8DD08641DEE593B0094771C /* WKPlaceholderTextView.swift */,
			);
			path = View;
			sourceTree = "<group>";
		};
		C8EDCC771D9E338A006F9916 /* Resources */ = {
			isa = PBXGroup;
			children = (
				C8EDCC781D9E33B7006F9916 /* WKBaseServices.bundle */,
			);
			path = Resources;
			sourceTree = "<group>";
		};
/* End PBXGroup section */

/* Begin PBXNativeTarget section */
		C845751F1D3CCCF2007C936A /* WKBaseServicesSwift */ = {
			isa = PBXNativeTarget;
			buildConfigurationList = C84575321D3CCCF2007C936A /* Build configuration list for PBXNativeTarget "WKBaseServicesSwift" */;
			buildPhases = (
				C845751C1D3CCCF2007C936A /* Sources */,
				C845751D1D3CCCF2007C936A /* Frameworks */,
				C845751E1D3CCCF2007C936A /* Resources */,
			);
			buildRules = (
			);
			dependencies = (
			);
			name = WKBaseServicesSwift;
			productName = WKBaseServicesSwift;
			productReference = C84575201D3CCCF2007C936A /* WKBaseServicesSwift.app */;
			productType = "com.apple.product-type.application";
		};
/* End PBXNativeTarget section */

/* Begin PBXProject section */
		C84575181D3CCCF2007C936A /* Project object */ = {
			isa = PBXProject;
			attributes = {
				CLASSPREFIX = WK;
				LastSwiftUpdateCheck = 0730;
				LastUpgradeCheck = 0800;
				ORGANIZATIONNAME = "郭伟坤";
				TargetAttributes = {
					C845751F1D3CCCF2007C936A = {
						CreatedOnToolsVersion = 7.3.1;
						LastSwiftMigration = 0810;
						ProvisioningStyle = Automatic;
					};
				};
			};
			buildConfigurationList = C845751B1D3CCCF2007C936A /* Build configuration list for PBXProject "WKBaseServicesSwift" */;
			compatibilityVersion = "Xcode 3.2";
			developmentRegion = English;
			hasScannedForEncodings = 0;
			knownRegions = (
				en,
				Base,
			);
			mainGroup = C84575171D3CCCF2007C936A;
			productRefGroup = C84575211D3CCCF2007C936A /* Products */;
			projectDirPath = "";
			projectRoot = "";
			targets = (
				C845751F1D3CCCF2007C936A /* WKBaseServicesSwift */,
			);
		};
/* End PBXProject section */

/* Begin PBXResourcesBuildPhase section */
		C845751E1D3CCCF2007C936A /* Resources */ = {
			isa = PBXResourcesBuildPhase;
			buildActionMask = 2147483647;
			files = (
				C845752E1D3CCCF2007C936A /* LaunchScreen.storyboard in Resources */,
				C845752B1D3CCCF2007C936A /* Assets.xcassets in Resources */,
				C8EDCC791D9E33B7006F9916 /* WKBaseServices.bundle in Resources */,
				C84575291D3CCCF2007C936A /* Main.storyboard in Resources */,
			);
			runOnlyForDeploymentPostprocessing = 0;
		};
/* End PBXResourcesBuildPhase section */

/* Begin PBXSourcesBuildPhase section */
		C845751C1D3CCCF2007C936A /* Sources */ = {
			isa = PBXSourcesBuildPhase;
			buildActionMask = 2147483647;
			files = (
				C8AA35A91D951B4600AA5CB1 /* StringCategory.swift in Sources */,
				C8AA35A61D951B4600AA5CB1 /* NSDateCategory.swift in Sources */,
				C8AA35A81D951B4600AA5CB1 /* NSLocalCategory.swift in Sources */,
				C8DD08651DEE593B0094771C /* WKPlaceholderTextView.swift in Sources */,
				C8DD08631DED76060094771C /* WKHorizontalMenuView.swift in Sources */,
				C8AA35AE1D951B4600AA5CB1 /* UIViewCategory.swift in Sources */,
				C8AA35AA1D951B4600AA5CB1 /* UIColorCategory.swift in Sources */,
				C8B46E921DC71F6D00B0B2D1 /* WKQRCodeGenerator.swift in Sources */,
				C85846AF1E00DE9500EA8EE4 /* HorizontalMenuViewController.swift in Sources */,
				C84575261D3CCCF2007C936A /* MainViewController.swift in Sources */,
				C8AA35AD1D951B4600AA5CB1 /* UIAlertControllerEx.swift in Sources */,
				C84575241D3CCCF2007C936A /* AppDelegate.swift in Sources */,
				C8AA35AF1D951B4600AA5CB1 /* WKCheckBox.swift in Sources */,
				C8AA35A71D951B4600AA5CB1 /* NSDecimalNumberCategory.swift in Sources */,
				C8AA35AB1D951B4600AA5CB1 /* UIImageCategory.swift in Sources */,
				C8AA35AC1D951B4600AA5CB1 /* AppInfo.swift in Sources */,
			);
			runOnlyForDeploymentPostprocessing = 0;
		};
/* End PBXSourcesBuildPhase section */

/* Begin PBXVariantGroup section */
		C84575271D3CCCF2007C936A /* Main.storyboard */ = {
			isa = PBXVariantGroup;
			children = (
				C84575281D3CCCF2007C936A /* Base */,
			);
			name = Main.storyboard;
			sourceTree = "<group>";
		};
		C845752C1D3CCCF2007C936A /* LaunchScreen.storyboard */ = {
			isa = PBXVariantGroup;
			children = (
				C845752D1D3CCCF2007C936A /* Base */,
			);
			name = LaunchScreen.storyboard;
			sourceTree = "<group>";
		};
/* End PBXVariantGroup section */

/* Begin XCBuildConfiguration section */
		C84575301D3CCCF2007C936A /* Debug */ = {
			isa = XCBuildConfiguration;
			buildSettings = {
				ALWAYS_SEARCH_USER_PATHS = NO;
				CLANG_ANALYZER_NONNULL = YES;
				CLANG_CXX_LANGUAGE_STANDARD = "gnu++0x";
				CLANG_CXX_LIBRARY = "libc++";
				CLANG_ENABLE_MODULES = YES;
				CLANG_ENABLE_OBJC_ARC = YES;
				CLANG_WARN_BOOL_CONVERSION = YES;
				CLANG_WARN_CONSTANT_CONVERSION = YES;
				CLANG_WARN_DIRECT_OBJC_ISA_USAGE = YES_ERROR;
				CLANG_WARN_EMPTY_BODY = YES;
				CLANG_WARN_ENUM_CONVERSION = YES;
				CLANG_WARN_INFINITE_RECURSION = YES;
				CLANG_WARN_INT_CONVERSION = YES;
				CLANG_WARN_OBJC_ROOT_CLASS = YES_ERROR;
				CLANG_WARN_SUSPICIOUS_MOVE = YES;
				CLANG_WARN_UNREACHABLE_CODE = YES;
				CLANG_WARN__DUPLICATE_METHOD_MATCH = YES;
				"CODE_SIGN_IDENTITY[sdk=iphoneos*]" = "iPhone Developer";
				COPY_PHASE_STRIP = NO;
				DEBUG_INFORMATION_FORMAT = dwarf;
				ENABLE_STRICT_OBJC_MSGSEND = YES;
				ENABLE_TESTABILITY = YES;
				GCC_C_LANGUAGE_STANDARD = gnu99;
				GCC_DYNAMIC_NO_PIC = NO;
				GCC_NO_COMMON_BLOCKS = YES;
				GCC_OPTIMIZATION_LEVEL = 0;
				GCC_PREPROCESSOR_DEFINITIONS = (
					"DEBUG=1",
					"$(inherited)",
				);
				GCC_WARN_64_TO_32_BIT_CONVERSION = YES;
				GCC_WARN_ABOUT_RETURN_TYPE = YES_ERROR;
				GCC_WARN_UNDECLARED_SELECTOR = YES;
				GCC_WARN_UNINITIALIZED_AUTOS = YES_AGGRESSIVE;
				GCC_WARN_UNUSED_FUNCTION = YES;
				GCC_WARN_UNUSED_VARIABLE = YES;
				IPHONEOS_DEPLOYMENT_TARGET = 8.0;
				MTL_ENABLE_DEBUG_INFO = YES;
				ONLY_ACTIVE_ARCH = YES;
				SDKROOT = iphoneos;
				SWIFT_OPTIMIZATION_LEVEL = "-Onone";
				SWIFT_VERSION = 2.3;
				TARGETED_DEVICE_FAMILY = "1,2";
			};
			name = Debug;
		};
		C84575311D3CCCF2007C936A /* Release */ = {
			isa = XCBuildConfiguration;
			buildSettings = {
				ALWAYS_SEARCH_USER_PATHS = NO;
				CLANG_ANALYZER_NONNULL = YES;
				CLANG_CXX_LANGUAGE_STANDARD = "gnu++0x";
				CLANG_CXX_LIBRARY = "libc++";
				CLANG_ENABLE_MODULES = YES;
				CLANG_ENABLE_OBJC_ARC = YES;
				CLANG_WARN_BOOL_CONVERSION = YES;
				CLANG_WARN_CONSTANT_CONVERSION = YES;
				CLANG_WARN_DIRECT_OBJC_ISA_USAGE = YES_ERROR;
				CLANG_WARN_EMPTY_BODY = YES;
				CLANG_WARN_ENUM_CONVERSION = YES;
				CLANG_WARN_INFINITE_RECURSION = YES;
				CLANG_WARN_INT_CONVERSION = YES;
				CLANG_WARN_OBJC_ROOT_CLASS = YES_ERROR;
				CLANG_WARN_SUSPICIOUS_MOVE = YES;
				CLANG_WARN_UNREACHABLE_CODE = YES;
				CLANG_WARN__DUPLICATE_METHOD_MATCH = YES;
				"CODE_SIGN_IDENTITY[sdk=iphoneos*]" = "iPhone Developer";
				COPY_PHASE_STRIP = NO;
				DEBUG_INFORMATION_FORMAT = "dwarf-with-dsym";
				ENABLE_NS_ASSERTIONS = NO;
				ENABLE_STRICT_OBJC_MSGSEND = YES;
				GCC_C_LANGUAGE_STANDARD = gnu99;
				GCC_NO_COMMON_BLOCKS = YES;
				GCC_WARN_64_TO_32_BIT_CONVERSION = YES;
				GCC_WARN_ABOUT_RETURN_TYPE = YES_ERROR;
				GCC_WARN_UNDECLARED_SELECTOR = YES;
				GCC_WARN_UNINITIALIZED_AUTOS = YES_AGGRESSIVE;
				GCC_WARN_UNUSED_FUNCTION = YES;
				GCC_WARN_UNUSED_VARIABLE = YES;
				IPHONEOS_DEPLOYMENT_TARGET = 8.0;
				MTL_ENABLE_DEBUG_INFO = NO;
				SDKROOT = iphoneos;
				SWIFT_OPTIMIZATION_LEVEL = "-Owholemodule";
				SWIFT_VERSION = 2.3;
				TARGETED_DEVICE_FAMILY = "1,2";
				VALIDATE_PRODUCT = YES;
			};
			name = Release;
		};
		C84575331D3CCCF2007C936A /* Debug */ = {
			isa = XCBuildConfiguration;
			buildSettings = {
				ASSETCATALOG_COMPILER_APPICON_NAME = AppIcon;
				CLANG_ENABLE_MODULES = YES;
				CODE_SIGN_IDENTITY = "iPhone Developer";
				"CODE_SIGN_IDENTITY[sdk=iphoneos*]" = "iPhone Developer";
				DEVELOPMENT_TEAM = "";
				INFOPLIST_FILE = WKBaseServicesSwift/Info.plist;
				IPHONEOS_DEPLOYMENT_TARGET = 8.0;
				LD_RUNPATH_SEARCH_PATHS = "$(inherited) @executable_path/Frameworks";
				PRODUCT_BUNDLE_IDENTIFIER = com.guoweikun.WKBaseServicesSwift;
				PRODUCT_NAME = "$(TARGET_NAME)";
				SWIFT_INCLUDE_PATHS = "${SRCROOT}/Sources";
				SWIFT_OBJC_BRIDGING_HEADER = "";
				SWIFT_OPTIMIZATION_LEVEL = "-Onone";
				SWIFT_VERSION = 2.3;
			};
			name = Debug;
		};
		C84575341D3CCCF2007C936A /* Release */ = {
			isa = XCBuildConfiguration;
			buildSettings = {
				ASSETCATALOG_COMPILER_APPICON_NAME = AppIcon;
				CLANG_ENABLE_MODULES = YES;
				CODE_SIGN_IDENTITY = "iPhone Developer";
				"CODE_SIGN_IDENTITY[sdk=iphoneos*]" = "iPhone Developer";
				DEVELOPMENT_TEAM = "";
				INFOPLIST_FILE = WKBaseServicesSwift/Info.plist;
				IPHONEOS_DEPLOYMENT_TARGET = 8.0;
				LD_RUNPATH_SEARCH_PATHS = "$(inherited) @executable_path/Frameworks";
				PRODUCT_BUNDLE_IDENTIFIER = com.guoweikun.WKBaseServicesSwift;
				PRODUCT_NAME = "$(TARGET_NAME)";
				SWIFT_INCLUDE_PATHS = "${SRCROOT}/Sources";
				SWIFT_OBJC_BRIDGING_HEADER = "";
				SWIFT_VERSION = 2.3;
			};
			name = Release;
		};
/* End XCBuildConfiguration section */

/* Begin XCConfigurationList section */
		C845751B1D3CCCF2007C936A /* Build configuration list for PBXProject "WKBaseServicesSwift" */ = {
			isa = XCConfigurationList;
			buildConfigurations = (
				C84575301D3CCCF2007C936A /* Debug */,
				C84575311D3CCCF2007C936A /* Release */,
			);
			defaultConfigurationIsVisible = 0;
			defaultConfigurationName = Release;
		};
		C84575321D3CCCF2007C936A /* Build configuration list for PBXNativeTarget "WKBaseServicesSwift" */ = {
			isa = XCConfigurationList;
			buildConfigurations = (
				C84575331D3CCCF2007C936A /* Debug */,
				C84575341D3CCCF2007C936A /* Release */,
			);
			defaultConfigurationIsVisible = 0;
			defaultConfigurationName = Release;
		};
/* End XCConfigurationList section */
	};
	rootObject = C84575181D3CCCF2007C936A /* Project object */;
}
