// !$*UTF8*$!
{
	archiveVersion = 1;
	classes = {
	};
	objectVersion = 47;
	objects = {

/* Begin PBXBuildFile section */
		2B4041DB78C21F4057CF2039 /* Pods_WKBaseServicesSwift.framework in Frameworks */ = {isa = PBXBuildFile; fileRef = 7E9EA6A2535F498D52862E9F /* Pods_WKBaseServicesSwift.framework */; };
		C809D8BD1E4C119600CEAA1D /* IntExtension.swift in Sources */ = {isa = PBXBuildFile; fileRef = C809D8BC1E4C119600CEAA1D /* IntExtension.swift */; };
		C809D8BF1E4C120A00CEAA1D /* DateComponentsEx.swift in Sources */ = {isa = PBXBuildFile; fileRef = C809D8BE1E4C120A00CEAA1D /* DateComponentsEx.swift */; };
		C82A9A6A1F03414300387995 /* WKCountDownButton.swift in Sources */ = {isa = PBXBuildFile; fileRef = C82A9A691F03414300387995 /* WKCountDownButton.swift */; };
		C84575241D3CCCF2007C936A /* AppDelegate.swift in Sources */ = {isa = PBXBuildFile; fileRef = C84575231D3CCCF2007C936A /* AppDelegate.swift */; };
		C84575261D3CCCF2007C936A /* MainViewController.swift in Sources */ = {isa = PBXBuildFile; fileRef = C84575251D3CCCF2007C936A /* MainViewController.swift */; };
		C84575291D3CCCF2007C936A /* Main.storyboard in Resources */ = {isa = PBXBuildFile; fileRef = C84575271D3CCCF2007C936A /* Main.storyboard */; };
		C845752B1D3CCCF2007C936A /* Assets.xcassets in Resources */ = {isa = PBXBuildFile; fileRef = C845752A1D3CCCF2007C936A /* Assets.xcassets */; };
		C845752E1D3CCCF2007C936A /* LaunchScreen.storyboard in Resources */ = {isa = PBXBuildFile; fileRef = C845752C1D3CCCF2007C936A /* LaunchScreen.storyboard */; };
		C84FCC951EF8D2E5006AFE30 /* HorizontalMenuViewController.swift in Sources */ = {isa = PBXBuildFile; fileRef = C84FCC931EF8D2E5006AFE30 /* HorizontalMenuViewController.swift */; };
		C84FCC971EF8D2F7006AFE30 /* Section0.storyboard in Resources */ = {isa = PBXBuildFile; fileRef = C84FCC961EF8D2F7006AFE30 /* Section0.storyboard */; };
		C84FCC991EF8D304006AFE30 /* Section1.storyboard in Resources */ = {isa = PBXBuildFile; fileRef = C84FCC981EF8D304006AFE30 /* Section1.storyboard */; };
		C84FCC9B1EF8D5B3006AFE30 /* Section0TableViewController.swift in Sources */ = {isa = PBXBuildFile; fileRef = C84FCC9A1EF8D5B3006AFE30 /* Section0TableViewController.swift */; };
		C84FCC9D1EF8D5C1006AFE30 /* Section1TableViewController.swift in Sources */ = {isa = PBXBuildFile; fileRef = C84FCC9C1EF8D5C1006AFE30 /* Section1TableViewController.swift */; };
		C84FCC9F1EF8ECEC006AFE30 /* PlaceholderTextViewController.swift in Sources */ = {isa = PBXBuildFile; fileRef = C84FCC9E1EF8ECEC006AFE30 /* PlaceholderTextViewController.swift */; };
		C8654D011F724FAF00E8378E /* Device.swift in Sources */ = {isa = PBXBuildFile; fileRef = C8654D001F724FAF00E8378E /* Device.swift */; };
		C8654D031F72600F00E8378E /* NextViewController.swift in Sources */ = {isa = PBXBuildFile; fileRef = C8654D021F72600F00E8378E /* NextViewController.swift */; };
		C8654D051F73843A00E8378E /* WKBaseServicesSwift.podspec in Resources */ = {isa = PBXBuildFile; fileRef = C8654D041F73843A00E8378E /* WKBaseServicesSwift.podspec */; };
		C8796BA71EF240CF00B70EA2 /* RegularEx.swift in Sources */ = {isa = PBXBuildFile; fileRef = C8796BA61EF240CF00B70EA2 /* RegularEx.swift */; };
		C8AA35A61D951B4600AA5CB1 /* DateExtension.swift in Sources */ = {isa = PBXBuildFile; fileRef = C8AA35991D951B4600AA5CB1 /* DateExtension.swift */; };
		C8AA35A71D951B4600AA5CB1 /* NSDecimalNumberEx.swift in Sources */ = {isa = PBXBuildFile; fileRef = C8AA359A1D951B4600AA5CB1 /* NSDecimalNumberEx.swift */; };
		C8AA35A81D951B4600AA5CB1 /* LocalExtension.swift in Sources */ = {isa = PBXBuildFile; fileRef = C8AA359B1D951B4600AA5CB1 /* LocalExtension.swift */; };
		C8AA35A91D951B4600AA5CB1 /* StringExtension.swift in Sources */ = {isa = PBXBuildFile; fileRef = C8AA359C1D951B4600AA5CB1 /* StringExtension.swift */; };
		C8AA35AA1D951B4600AA5CB1 /* UIColorExtension.swift in Sources */ = {isa = PBXBuildFile; fileRef = C8AA359D1D951B4600AA5CB1 /* UIColorExtension.swift */; };
		C8AA35AB1D951B4600AA5CB1 /* UIImageExtension.swift in Sources */ = {isa = PBXBuildFile; fileRef = C8AA359E1D951B4600AA5CB1 /* UIImageExtension.swift */; };
		C8AA35AC1D951B4600AA5CB1 /* AppInfo.swift in Sources */ = {isa = PBXBuildFile; fileRef = C8AA35A01D951B4600AA5CB1 /* AppInfo.swift */; };
		C8AA35AD1D951B4600AA5CB1 /* UIAlertControllerEx.swift in Sources */ = {isa = PBXBuildFile; fileRef = C8AA35A21D951B4600AA5CB1 /* UIAlertControllerEx.swift */; };
		C8AA35AE1D951B4600AA5CB1 /* UIViewExtension.swift in Sources */ = {isa = PBXBuildFile; fileRef = C8AA35A41D951B4600AA5CB1 /* UIViewExtension.swift */; };
		C8AA35AF1D951B4600AA5CB1 /* WKCheckBox.swift in Sources */ = {isa = PBXBuildFile; fileRef = C8AA35A51D951B4600AA5CB1 /* WKCheckBox.swift */; };
		C8B46E921DC71F6D00B0B2D1 /* WKQRCodeGenerator.swift in Sources */ = {isa = PBXBuildFile; fileRef = C8B46E911DC71F6D00B0B2D1 /* WKQRCodeGenerator.swift */; };
		C8B8B8261F2F1C3B00BF55F6 /* UINavigationBarEx.swift in Sources */ = {isa = PBXBuildFile; fileRef = C8B8B8251F2F1C3B00BF55F6 /* UINavigationBarEx.swift */; };
		C8DD08631DED76060094771C /* WKHorizontalMenuView.swift in Sources */ = {isa = PBXBuildFile; fileRef = C8DD08621DED76060094771C /* WKHorizontalMenuView.swift */; };
		C8DD08651DEE593B0094771C /* WKPlaceholderTextView.swift in Sources */ = {isa = PBXBuildFile; fileRef = C8DD08641DEE593B0094771C /* WKPlaceholderTextView.swift */; };
		C8EDCC791D9E33B7006F9916 /* WKBaseServices.bundle in Resources */ = {isa = PBXBuildFile; fileRef = C8EDCC781D9E33B7006F9916 /* WKBaseServices.bundle */; };
/* End PBXBuildFile section */

/* Begin PBXFileReference section */
		57AB939616C3BBFBFADD2536 /* Pods-WKBaseServicesSwift.debug.xcconfig */ = {isa = PBXFileReference; includeInIndex = 1; lastKnownFileType = text.xcconfig; name = "Pods-WKBaseServicesSwift.debug.xcconfig"; path = "Pods/Target Support Files/Pods-WKBaseServicesSwift/Pods-WKBaseServicesSwift.debug.xcconfig"; sourceTree = "<group>"; };
		7E9EA6A2535F498D52862E9F /* Pods_WKBaseServicesSwift.framework */ = {isa = PBXFileReference; explicitFileType = wrapper.framework; includeInIndex = 0; path = Pods_WKBaseServicesSwift.framework; sourceTree = BUILT_PRODUCTS_DIR; };
		8CFCBD9E1E8FB3AAB740AB34 /* Pods-WKBaseServicesSwift.release.xcconfig */ = {isa = PBXFileReference; includeInIndex = 1; lastKnownFileType = text.xcconfig; name = "Pods-WKBaseServicesSwift.release.xcconfig"; path = "Pods/Target Support Files/Pods-WKBaseServicesSwift/Pods-WKBaseServicesSwift.release.xcconfig"; sourceTree = "<group>"; };
		C809D8BC1E4C119600CEAA1D /* IntExtension.swift */ = {isa = PBXFileReference; fileEncoding = 4; lastKnownFileType = sourcecode.swift; path = IntExtension.swift; sourceTree = "<group>"; };
		C809D8BE1E4C120A00CEAA1D /* DateComponentsEx.swift */ = {isa = PBXFileReference; fileEncoding = 4; lastKnownFileType = sourcecode.swift; path = DateComponentsEx.swift; sourceTree = "<group>"; };
		C82A9A691F03414300387995 /* WKCountDownButton.swift */ = {isa = PBXFileReference; fileEncoding = 4; lastKnownFileType = sourcecode.swift; path = WKCountDownButton.swift; sourceTree = "<group>"; };
		C84575201D3CCCF2007C936A /* WKBaseServicesSwift.app */ = {isa = PBXFileReference; explicitFileType = wrapper.application; includeInIndex = 0; path = WKBaseServicesSwift.app; sourceTree = BUILT_PRODUCTS_DIR; };
		C84575231D3CCCF2007C936A /* AppDelegate.swift */ = {isa = PBXFileReference; lastKnownFileType = sourcecode.swift; path = AppDelegate.swift; sourceTree = "<group>"; };
		C84575251D3CCCF2007C936A /* MainViewController.swift */ = {isa = PBXFileReference; lastKnownFileType = sourcecode.swift; path = MainViewController.swift; sourceTree = "<group>"; };
		C84575281D3CCCF2007C936A /* Base */ = {isa = PBXFileReference; lastKnownFileType = file.storyboard; name = Base; path = Base.lproj/Main.storyboard; sourceTree = "<group>"; };
		C845752A1D3CCCF2007C936A /* Assets.xcassets */ = {isa = PBXFileReference; lastKnownFileType = folder.assetcatalog; path = Assets.xcassets; sourceTree = "<group>"; };
		C845752D1D3CCCF2007C936A /* Base */ = {isa = PBXFileReference; lastKnownFileType = file.storyboard; name = Base; path = Base.lproj/LaunchScreen.storyboard; sourceTree = "<group>"; };
		C845752F1D3CCCF2007C936A /* Info.plist */ = {isa = PBXFileReference; lastKnownFileType = text.plist.xml; path = Info.plist; sourceTree = "<group>"; };
		C84FCC931EF8D2E5006AFE30 /* HorizontalMenuViewController.swift */ = {isa = PBXFileReference; fileEncoding = 4; lastKnownFileType = sourcecode.swift; path = HorizontalMenuViewController.swift; sourceTree = "<group>"; };
		C84FCC961EF8D2F7006AFE30 /* Section0.storyboard */ = {isa = PBXFileReference; fileEncoding = 4; lastKnownFileType = file.storyboard; path = Section0.storyboard; sourceTree = "<group>"; };
		C84FCC981EF8D304006AFE30 /* Section1.storyboard */ = {isa = PBXFileReference; fileEncoding = 4; lastKnownFileType = file.storyboard; path = Section1.storyboard; sourceTree = "<group>"; };
		C84FCC9A1EF8D5B3006AFE30 /* Section0TableViewController.swift */ = {isa = PBXFileReference; fileEncoding = 4; lastKnownFileType = sourcecode.swift; path = Section0TableViewController.swift; sourceTree = "<group>"; };
		C84FCC9C1EF8D5C1006AFE30 /* Section1TableViewController.swift */ = {isa = PBXFileReference; fileEncoding = 4; lastKnownFileType = sourcecode.swift; path = Section1TableViewController.swift; sourceTree = "<group>"; };
		C84FCC9E1EF8ECEC006AFE30 /* PlaceholderTextViewController.swift */ = {isa = PBXFileReference; fileEncoding = 4; lastKnownFileType = sourcecode.swift; path = PlaceholderTextViewController.swift; sourceTree = "<group>"; };
		C8654D001F724FAF00E8378E /* Device.swift */ = {isa = PBXFileReference; lastKnownFileType = sourcecode.swift; path = Device.swift; sourceTree = "<group>"; };
		C8654D021F72600F00E8378E /* NextViewController.swift */ = {isa = PBXFileReference; lastKnownFileType = sourcecode.swift; path = NextViewController.swift; sourceTree = "<group>"; };
		C8654D041F73843A00E8378E /* WKBaseServicesSwift.podspec */ = {isa = PBXFileReference; fileEncoding = 4; lastKnownFileType = text; path = WKBaseServicesSwift.podspec; sourceTree = SOURCE_ROOT; };
		C8796BA61EF240CF00B70EA2 /* RegularEx.swift */ = {isa = PBXFileReference; fileEncoding = 4; lastKnownFileType = sourcecode.swift; path = RegularEx.swift; sourceTree = "<group>"; };
		C8AA35991D951B4600AA5CB1 /* DateExtension.swift */ = {isa = PBXFileReference; fileEncoding = 4; lastKnownFileType = sourcecode.swift; path = DateExtension.swift; sourceTree = "<group>"; };
		C8AA359A1D951B4600AA5CB1 /* NSDecimalNumberEx.swift */ = {isa = PBXFileReference; fileEncoding = 4; lastKnownFileType = sourcecode.swift; path = NSDecimalNumberEx.swift; sourceTree = "<group>"; };
		C8AA359B1D951B4600AA5CB1 /* LocalExtension.swift */ = {isa = PBXFileReference; fileEncoding = 4; lastKnownFileType = sourcecode.swift; path = LocalExtension.swift; sourceTree = "<group>"; };
		C8AA359C1D951B4600AA5CB1 /* StringExtension.swift */ = {isa = PBXFileReference; fileEncoding = 4; lastKnownFileType = sourcecode.swift; path = StringExtension.swift; sourceTree = "<group>"; };
		C8AA359D1D951B4600AA5CB1 /* UIColorExtension.swift */ = {isa = PBXFileReference; fileEncoding = 4; lastKnownFileType = sourcecode.swift; path = UIColorExtension.swift; sourceTree = "<group>"; };
		C8AA359E1D951B4600AA5CB1 /* UIImageExtension.swift */ = {isa = PBXFileReference; fileEncoding = 4; lastKnownFileType = sourcecode.swift; path = UIImageExtension.swift; sourceTree = "<group>"; };
		C8AA35A01D951B4600AA5CB1 /* AppInfo.swift */ = {isa = PBXFileReference; fileEncoding = 4; lastKnownFileType = sourcecode.swift; path = AppInfo.swift; sourceTree = "<group>"; };
		C8AA35A21D951B4600AA5CB1 /* UIAlertControllerEx.swift */ = {isa = PBXFileReference; fileEncoding = 4; lastKnownFileType = sourcecode.swift; path = UIAlertControllerEx.swift; sourceTree = "<group>"; };
		C8AA35A41D951B4600AA5CB1 /* UIViewExtension.swift */ = {isa = PBXFileReference; fileEncoding = 4; lastKnownFileType = sourcecode.swift; path = UIViewExtension.swift; sourceTree = "<group>"; };
		C8AA35A51D951B4600AA5CB1 /* WKCheckBox.swift */ = {isa = PBXFileReference; fileEncoding = 4; lastKnownFileType = sourcecode.swift; path = WKCheckBox.swift; sourceTree = "<group>"; };
		C8B46E911DC71F6D00B0B2D1 /* WKQRCodeGenerator.swift */ = {isa = PBXFileReference; fileEncoding = 4; lastKnownFileType = sourcecode.swift; path = WKQRCodeGenerator.swift; sourceTree = "<group>"; };
		C8B8B8251F2F1C3B00BF55F6 /* UINavigationBarEx.swift */ = {isa = PBXFileReference; fileEncoding = 4; lastKnownFileType = sourcecode.swift; path = UINavigationBarEx.swift; sourceTree = "<group>"; };
		C8DD08621DED76060094771C /* WKHorizontalMenuView.swift */ = {isa = PBXFileReference; fileEncoding = 4; lastKnownFileType = sourcecode.swift; path = WKHorizontalMenuView.swift; sourceTree = "<group>"; };
		C8DD08641DEE593B0094771C /* WKPlaceholderTextView.swift */ = {isa = PBXFileReference; fileEncoding = 4; lastKnownFileType = sourcecode.swift; path = WKPlaceholderTextView.swift; sourceTree = "<group>"; };
		C8EDCC781D9E33B7006F9916 /* WKBaseServices.bundle */ = {isa = PBXFileReference; lastKnownFileType = "wrapper.plug-in"; path = WKBaseServices.bundle; sourceTree = "<group>"; };
/* End PBXFileReference section */

/* Begin PBXFrameworksBuildPhase section */
		C845751D1D3CCCF2007C936A /* Frameworks */ = {
			isa = PBXFrameworksBuildPhase;
			buildActionMask = 2147483647;
			files = (
				2B4041DB78C21F4057CF2039 /* Pods_WKBaseServicesSwift.framework in Frameworks */,
			);
			runOnlyForDeploymentPostprocessing = 0;
		};
/* End PBXFrameworksBuildPhase section */

/* Begin PBXGroup section */
		3BC5382734092001A677169B /* Frameworks */ = {
			isa = PBXGroup;
			children = (
				7E9EA6A2535F498D52862E9F /* Pods_WKBaseServicesSwift.framework */,
			);
			name = Frameworks;
			sourceTree = "<group>";
		};
		6A8406D5151EB7D35057F71A /* Pods */ = {
			isa = PBXGroup;
			children = (
				57AB939616C3BBFBFADD2536 /* Pods-WKBaseServicesSwift.debug.xcconfig */,
				8CFCBD9E1E8FB3AAB740AB34 /* Pods-WKBaseServicesSwift.release.xcconfig */,
			);
			name = Pods;
			sourceTree = "<group>";
		};
		C830204E1D49E54100AC9142 /* Supporting Files */ = {
			isa = PBXGroup;
			children = (
				C8654D041F73843A00E8378E /* WKBaseServicesSwift.podspec */,
				C845752A1D3CCCF2007C936A /* Assets.xcassets */,
				C84575231D3CCCF2007C936A /* AppDelegate.swift */,
				C845752C1D3CCCF2007C936A /* LaunchScreen.storyboard */,
				C845752F1D3CCCF2007C936A /* Info.plist */,
			);
			name = "Supporting Files";
			sourceTree = "<group>";
		};
		C84575171D3CCCF2007C936A = {
			isa = PBXGroup;
			children = (
				C8AA35971D951B4600AA5CB1 /* Sources */,
				C84575221D3CCCF2007C936A /* WKBaseServicesSwift */,
				C84575211D3CCCF2007C936A /* Products */,
				6A8406D5151EB7D35057F71A /* Pods */,
				3BC5382734092001A677169B /* Frameworks */,
			);
			sourceTree = "<group>";
		};
		C84575211D3CCCF2007C936A /* Products */ = {
			isa = PBXGroup;
			children = (
				C84575201D3CCCF2007C936A /* WKBaseServicesSwift.app */,
			);
			name = Products;
			sourceTree = "<group>";
		};
		C84575221D3CCCF2007C936A /* WKBaseServicesSwift */ = {
			isa = PBXGroup;
			children = (
				C85846AD1E00DE7900EA8EE4 /* Examples */,
				C84575251D3CCCF2007C936A /* MainViewController.swift */,
				C84575271D3CCCF2007C936A /* Main.storyboard */,
				C830204E1D49E54100AC9142 /* Supporting Files */,
			);
			path = WKBaseServicesSwift;
			sourceTree = "<group>";
		};
		C84FCC921EF8D2E5006AFE30 /* Section0 */ = {
			isa = PBXGroup;
			children = (
				C84FCC931EF8D2E5006AFE30 /* HorizontalMenuViewController.swift */,
				C84FCC961EF8D2F7006AFE30 /* Section0.storyboard */,
				C84FCC9A1EF8D5B3006AFE30 /* Section0TableViewController.swift */,
				C84FCC9E1EF8ECEC006AFE30 /* PlaceholderTextViewController.swift */,
				C8654D021F72600F00E8378E /* NextViewController.swift */,
			);
			path = Section0;
			sourceTree = "<group>";
		};
		C84FCC941EF8D2E5006AFE30 /* Section1 */ = {
			isa = PBXGroup;
			children = (
				C84FCC981EF8D304006AFE30 /* Section1.storyboard */,
				C84FCC9C1EF8D5C1006AFE30 /* Section1TableViewController.swift */,
			);
			path = Section1;
			sourceTree = "<group>";
		};
		C85846AD1E00DE7900EA8EE4 /* Examples */ = {
			isa = PBXGroup;
			children = (
				C84FCC921EF8D2E5006AFE30 /* Section0 */,
				C84FCC941EF8D2E5006AFE30 /* Section1 */,
			);
			path = Examples;
			sourceTree = "<group>";
		};
		C8AA35971D951B4600AA5CB1 /* Sources */ = {
			isa = PBXGroup;
			children = (
				C8EDCC771D9E338A006F9916 /* Resources */,
				C8AA35981D951B4600AA5CB1 /* Category */,
				C8AA359F1D951B4600AA5CB1 /* Common */,
				C8AA35A11D951B4600AA5CB1 /* Controller */,
				C8AA35A31D951B4600AA5CB1 /* View */,
			);
			path = Sources;
			sourceTree = "<group>";
		};
		C8AA35981D951B4600AA5CB1 /* Category */ = {
			isa = PBXGroup;
			children = (
				C8AA35991D951B4600AA5CB1 /* DateExtension.swift */,
				C8AA359A1D951B4600AA5CB1 /* NSDecimalNumberEx.swift */,
				C8AA359B1D951B4600AA5CB1 /* LocalExtension.swift */,
				C8AA359C1D951B4600AA5CB1 /* StringExtension.swift */,
				C8AA359D1D951B4600AA5CB1 /* UIColorExtension.swift */,
				C8AA359E1D951B4600AA5CB1 /* UIImageExtension.swift */,
				C809D8BC1E4C119600CEAA1D /* IntExtension.swift */,
				C809D8BE1E4C120A00CEAA1D /* DateComponentsEx.swift */,
			);
			path = Category;
			sourceTree = "<group>";
		};
		C8AA359F1D951B4600AA5CB1 /* Common */ = {
			isa = PBXGroup;
			children = (
				C8AA35A01D951B4600AA5CB1 /* AppInfo.swift */,
				C8B46E911DC71F6D00B0B2D1 /* WKQRCodeGenerator.swift */,
				C8796BA61EF240CF00B70EA2 /* RegularEx.swift */,
				C8654D001F724FAF00E8378E /* Device.swift */,
			);
			path = Common;
			sourceTree = "<group>";
		};
		C8AA35A11D951B4600AA5CB1 /* Controller */ = {
			isa = PBXGroup;
			children = (
				C8AA35A21D951B4600AA5CB1 /* UIAlertControllerEx.swift */,
			);
			path = Controller;
			sourceTree = "<group>";
		};
		C8AA35A31D951B4600AA5CB1 /* View */ = {
			isa = PBXGroup;
			children = (
				C8DD08621DED76060094771C /* WKHorizontalMenuView.swift */,
				C8AA35A41D951B4600AA5CB1 /* UIViewExtension.swift */,
				C8AA35A51D951B4600AA5CB1 /* WKCheckBox.swift */,
				C8DD08641DEE593B0094771C /* WKPlaceholderTextView.swift */,
				C82A9A691F03414300387995 /* WKCountDownButton.swift */,
				C8B8B8251F2F1C3B00BF55F6 /* UINavigationBarEx.swift */,
			);
			path = View;
			sourceTree = "<group>";
		};
		C8EDCC771D9E338A006F9916 /* Resources */ = {
			isa = PBXGroup;
			children = (
				C8EDCC781D9E33B7006F9916 /* WKBaseServices.bundle */,
			);
			path = Resources;
			sourceTree = "<group>";
		};
/* End PBXGroup section */

/* Begin PBXNativeTarget section */
		C845751F1D3CCCF2007C936A /* WKBaseServicesSwift */ = {
			isa = PBXNativeTarget;
			buildConfigurationList = C84575321D3CCCF2007C936A /* Build configuration list for PBXNativeTarget "WKBaseServicesSwift" */;
			buildPhases = (
				5477BC749229B1CACF462142 /* [CP] Check Pods Manifest.lock */,
				C845751C1D3CCCF2007C936A /* Sources */,
				C845751D1D3CCCF2007C936A /* Frameworks */,
				C845751E1D3CCCF2007C936A /* Resources */,
				C51E607D3994F51494553E8E /* [CP] Embed Pods Frameworks */,
				4C5F8D64738B44374303FAEC /* [CP] Copy Pods Resources */,
			);
			buildRules = (
			);
			dependencies = (
			);
			name = WKBaseServicesSwift;
			productName = WKBaseServicesSwift;
			productReference = C84575201D3CCCF2007C936A /* WKBaseServicesSwift.app */;
			productType = "com.apple.product-type.application";
		};
/* End PBXNativeTarget section */

/* Begin PBXProject section */
		C84575181D3CCCF2007C936A /* Project object */ = {
			isa = PBXProject;
			attributes = {
				CLASSPREFIX = "";
				LastSwiftUpdateCheck = 0730;
				LastUpgradeCheck = 0800;
				ORGANIZATIONNAME = "郭伟坤";
				TargetAttributes = {
					C845751F1D3CCCF2007C936A = {
						CreatedOnToolsVersion = 7.3.1;
						DevelopmentTeam = 75S72XSE7T;
						LastSwiftMigration = 0810;
						ProvisioningStyle = Manual;
					};
				};
			};
			buildConfigurationList = C845751B1D3CCCF2007C936A /* Build configuration list for PBXProject "WKBaseServicesSwift" */;
			compatibilityVersion = "Xcode 6.3";
			developmentRegion = English;
			hasScannedForEncodings = 0;
			knownRegions = (
				en,
				Base,
			);
			mainGroup = C84575171D3CCCF2007C936A;
			productRefGroup = C84575211D3CCCF2007C936A /* Products */;
			projectDirPath = "";
			projectRoot = "";
			targets = (
				C845751F1D3CCCF2007C936A /* WKBaseServicesSwift */,
			);
		};
/* End PBXProject section */

/* Begin PBXResourcesBuildPhase section */
		C845751E1D3CCCF2007C936A /* Resources */ = {
			isa = PBXResourcesBuildPhase;
			buildActionMask = 2147483647;
			files = (
				C845752E1D3CCCF2007C936A /* LaunchScreen.storyboard in Resources */,
				C84FCC971EF8D2F7006AFE30 /* Section0.storyboard in Resources */,
				C845752B1D3CCCF2007C936A /* Assets.xcassets in Resources */,
				C8654D051F73843A00E8378E /* WKBaseServicesSwift.podspec in Resources */,
				C8EDCC791D9E33B7006F9916 /* WKBaseServices.bundle in Resources */,
				C84FCC991EF8D304006AFE30 /* Section1.storyboard in Resources */,
				C84575291D3CCCF2007C936A /* Main.storyboard in Resources */,
			);
			runOnlyForDeploymentPostprocessing = 0;
		};
/* End PBXResourcesBuildPhase section */

/* Begin PBXShellScriptBuildPhase section */
		4C5F8D64738B44374303FAEC /* [CP] Copy Pods Resources */ = {
			isa = PBXShellScriptBuildPhase;
			buildActionMask = 2147483647;
			files = (
			);
			inputPaths = (
			);
			name = "[CP] Copy Pods Resources";
			outputPaths = (
			);
			runOnlyForDeploymentPostprocessing = 0;
			shellPath = /bin/sh;
			shellScript = "\"${SRCROOT}/Pods/Target Support Files/Pods-WKBaseServicesSwift/Pods-WKBaseServicesSwift-resources.sh\"\n";
			showEnvVarsInLog = 0;
		};
		5477BC749229B1CACF462142 /* [CP] Check Pods Manifest.lock */ = {
			isa = PBXShellScriptBuildPhase;
			buildActionMask = 2147483647;
			files = (
			);
			inputPaths = (
				"${PODS_PODFILE_DIR_PATH}/Podfile.lock",
				"${PODS_ROOT}/Manifest.lock",
			);
			name = "[CP] Check Pods Manifest.lock";
			outputPaths = (
				"$(DERIVED_FILE_DIR)/Pods-WKBaseServicesSwift-checkManifestLockResult.txt",
			);
			runOnlyForDeploymentPostprocessing = 0;
			shellPath = /bin/sh;
			shellScript = "diff \"${PODS_PODFILE_DIR_PATH}/Podfile.lock\" \"${PODS_ROOT}/Manifest.lock\" > /dev/null\nif [ $? != 0 ] ; then\n    # print error to STDERR\n    echo \"error: The sandbox is not in sync with the Podfile.lock. Run 'pod install' or update your CocoaPods installation.\" >&2\n    exit 1\nfi\n# This output is used by Xcode 'outputs' to avoid re-running this script phase.\necho \"SUCCESS\" > \"${SCRIPT_OUTPUT_FILE_0}\"\n";
			showEnvVarsInLog = 0;
		};
		C51E607D3994F51494553E8E /* [CP] Embed Pods Frameworks */ = {
			isa = PBXShellScriptBuildPhase;
			buildActionMask = 2147483647;
			files = (
			);
			inputPaths = (
				"${SRCROOT}/Pods/Target Support Files/Pods-WKBaseServicesSwift/Pods-WKBaseServicesSwift-frameworks.sh",
				"${BUILT_PRODUCTS_DIR}/CryptoSwift/CryptoSwift.framework",
			);
			name = "[CP] Embed Pods Frameworks";
			outputPaths = (
				"${TARGET_BUILD_DIR}/${FRAMEWORKS_FOLDER_PATH}/CryptoSwift.framework",
			);
			runOnlyForDeploymentPostprocessing = 0;
			shellPath = /bin/sh;
			shellScript = "\"${SRCROOT}/Pods/Target Support Files/Pods-WKBaseServicesSwift/Pods-WKBaseServicesSwift-frameworks.sh\"\n";
			showEnvVarsInLog = 0;
		};
/* End PBXShellScriptBuildPhase section */

/* Begin PBXSourcesBuildPhase section */
		C845751C1D3CCCF2007C936A /* Sources */ = {
			isa = PBXSourcesBuildPhase;
			buildActionMask = 2147483647;
			files = (
				C8AA35A91D951B4600AA5CB1 /* StringExtension.swift in Sources */,
				C8AA35A61D951B4600AA5CB1 /* DateExtension.swift in Sources */,
				C8B8B8261F2F1C3B00BF55F6 /* UINavigationBarEx.swift in Sources */,
				C8AA35A81D951B4600AA5CB1 /* LocalExtension.swift in Sources */,
				C8796BA71EF240CF00B70EA2 /* RegularEx.swift in Sources */,
				C8DD08651DEE593B0094771C /* WKPlaceholderTextView.swift in Sources */,
				C84FCC9D1EF8D5C1006AFE30 /* Section1TableViewController.swift in Sources */,
				C8DD08631DED76060094771C /* WKHorizontalMenuView.swift in Sources */,
				C82A9A6A1F03414300387995 /* WKCountDownButton.swift in Sources */,
				C8AA35AE1D951B4600AA5CB1 /* UIViewExtension.swift in Sources */,
				C8AA35AA1D951B4600AA5CB1 /* UIColorExtension.swift in Sources */,
				C84FCC9B1EF8D5B3006AFE30 /* Section0TableViewController.swift in Sources */,
				C84FCC951EF8D2E5006AFE30 /* HorizontalMenuViewController.swift in Sources */,
				C8B46E921DC71F6D00B0B2D1 /* WKQRCodeGenerator.swift in Sources */,
				C84575261D3CCCF2007C936A /* MainViewController.swift in Sources */,
				C8AA35AD1D951B4600AA5CB1 /* UIAlertControllerEx.swift in Sources */,
				C809D8BF1E4C120A00CEAA1D /* DateComponentsEx.swift in Sources */,
				C84575241D3CCCF2007C936A /* AppDelegate.swift in Sources */,
				C809D8BD1E4C119600CEAA1D /* IntExtension.swift in Sources */,
				C8654D031F72600F00E8378E /* NextViewController.swift in Sources */,
				C8AA35AF1D951B4600AA5CB1 /* WKCheckBox.swift in Sources */,
				C8AA35A71D951B4600AA5CB1 /* NSDecimalNumberEx.swift in Sources */,
				C84FCC9F1EF8ECEC006AFE30 /* PlaceholderTextViewController.swift in Sources */,
				C8AA35AB1D951B4600AA5CB1 /* UIImageExtension.swift in Sources */,
				C8AA35AC1D951B4600AA5CB1 /* AppInfo.swift in Sources */,
				C8654D011F724FAF00E8378E /* Device.swift in Sources */,
			);
			runOnlyForDeploymentPostprocessing = 0;
		};
/* End PBXSourcesBuildPhase section */

/* Begin PBXVariantGroup section */
		C84575271D3CCCF2007C936A /* Main.storyboard */ = {
			isa = PBXVariantGroup;
			children = (
				C84575281D3CCCF2007C936A /* Base */,
			);
			name = Main.storyboard;
			sourceTree = "<group>";
		};
		C845752C1D3CCCF2007C936A /* LaunchScreen.storyboard */ = {
			isa = PBXVariantGroup;
			children = (
				C845752D1D3CCCF2007C936A /* Base */,
			);
			name = LaunchScreen.storyboard;
			sourceTree = "<group>";
		};
/* End PBXVariantGroup section */

/* Begin XCBuildConfiguration section */
		C84575301D3CCCF2007C936A /* Debug */ = {
			isa = XCBuildConfiguration;
			buildSettings = {
				ALWAYS_SEARCH_USER_PATHS = NO;
				CLANG_ANALYZER_NONNULL = YES;
				CLANG_CXX_LANGUAGE_STANDARD = "gnu++0x";
				CLANG_CXX_LIBRARY = "libc++";
				CLANG_ENABLE_MODULES = YES;
				CLANG_ENABLE_OBJC_ARC = YES;
				CLANG_WARN_BOOL_CONVERSION = YES;
				CLANG_WARN_CONSTANT_CONVERSION = YES;
				CLANG_WARN_DIRECT_OBJC_ISA_USAGE = YES_ERROR;
				CLANG_WARN_EMPTY_BODY = YES;
				CLANG_WARN_ENUM_CONVERSION = YES;
				CLANG_WARN_INFINITE_RECURSION = YES;
				CLANG_WARN_INT_CONVERSION = YES;
				CLANG_WARN_OBJC_ROOT_CLASS = YES_ERROR;
				CLANG_WARN_SUSPICIOUS_MOVE = YES;
				CLANG_WARN_UNREACHABLE_CODE = YES;
				CLANG_WARN__DUPLICATE_METHOD_MATCH = YES;
				"CODE_SIGN_IDENTITY[sdk=iphoneos*]" = "iPhone Developer";
				COPY_PHASE_STRIP = NO;
				DEBUG_INFORMATION_FORMAT = dwarf;
				ENABLE_STRICT_OBJC_MSGSEND = YES;
				ENABLE_TESTABILITY = YES;
				GCC_C_LANGUAGE_STANDARD = gnu99;
				GCC_DYNAMIC_NO_PIC = NO;
				GCC_NO_COMMON_BLOCKS = YES;
				GCC_OPTIMIZATION_LEVEL = 0;
				GCC_PREPROCESSOR_DEFINITIONS = (
					"DEBUG=1",
					"$(inherited)",
				);
				GCC_WARN_64_TO_32_BIT_CONVERSION = YES;
				GCC_WARN_ABOUT_RETURN_TYPE = YES_ERROR;
				GCC_WARN_UNDECLARED_SELECTOR = YES;
				GCC_WARN_UNINITIALIZED_AUTOS = YES_AGGRESSIVE;
				GCC_WARN_UNUSED_FUNCTION = YES;
				GCC_WARN_UNUSED_VARIABLE = YES;
				IPHONEOS_DEPLOYMENT_TARGET = 8.0;
				MTL_ENABLE_DEBUG_INFO = YES;
				ONLY_ACTIVE_ARCH = YES;
				SDKROOT = iphoneos;
				SWIFT_OPTIMIZATION_LEVEL = "-Onone";
				SWIFT_VERSION = 3.0.1;
				TARGETED_DEVICE_FAMILY = "1,2";
			};
			name = Debug;
		};
		C84575311D3CCCF2007C936A /* Release */ = {
			isa = XCBuildConfiguration;
			buildSettings = {
				ALWAYS_SEARCH_USER_PATHS = NO;
				CLANG_ANALYZER_NONNULL = YES;
				CLANG_CXX_LANGUAGE_STANDARD = "gnu++0x";
				CLANG_CXX_LIBRARY = "libc++";
				CLANG_ENABLE_MODULES = YES;
				CLANG_ENABLE_OBJC_ARC = YES;
				CLANG_WARN_BOOL_CONVERSION = YES;
				CLANG_WARN_CONSTANT_CONVERSION = YES;
				CLANG_WARN_DIRECT_OBJC_ISA_USAGE = YES_ERROR;
				CLANG_WARN_EMPTY_BODY = YES;
				CLANG_WARN_ENUM_CONVERSION = YES;
				CLANG_WARN_INFINITE_RECURSION = YES;
				CLANG_WARN_INT_CONVERSION = YES;
				CLANG_WARN_OBJC_ROOT_CLASS = YES_ERROR;
				CLANG_WARN_SUSPICIOUS_MOVE = YES;
				CLANG_WARN_UNREACHABLE_CODE = YES;
				CLANG_WARN__DUPLICATE_METHOD_MATCH = YES;
				"CODE_SIGN_IDENTITY[sdk=iphoneos*]" = "iPhone Developer";
				COPY_PHASE_STRIP = NO;
				DEBUG_INFORMATION_FORMAT = "dwarf-with-dsym";
				ENABLE_NS_ASSERTIONS = NO;
				ENABLE_STRICT_OBJC_MSGSEND = YES;
				GCC_C_LANGUAGE_STANDARD = gnu99;
				GCC_NO_COMMON_BLOCKS = YES;
				GCC_WARN_64_TO_32_BIT_CONVERSION = YES;
				GCC_WARN_ABOUT_RETURN_TYPE = YES_ERROR;
				GCC_WARN_UNDECLARED_SELECTOR = YES;
				GCC_WARN_UNINITIALIZED_AUTOS = YES_AGGRESSIVE;
				GCC_WARN_UNUSED_FUNCTION = YES;
				GCC_WARN_UNUSED_VARIABLE = YES;
				IPHONEOS_DEPLOYMENT_TARGET = 8.0;
				MTL_ENABLE_DEBUG_INFO = NO;
				SDKROOT = iphoneos;
				SWIFT_OPTIMIZATION_LEVEL = "-Owholemodule";
				SWIFT_VERSION = 3.0.1;
				TARGETED_DEVICE_FAMILY = "1,2";
				VALIDATE_PRODUCT = YES;
			};
			name = Release;
		};
		C84575331D3CCCF2007C936A /* Debug */ = {
			isa = XCBuildConfiguration;
			baseConfigurationReference = 57AB939616C3BBFBFADD2536 /* Pods-WKBaseServicesSwift.debug.xcconfig */;
			buildSettings = {
				ASSETCATALOG_COMPILER_APPICON_NAME = AppIcon;
				CLANG_ENABLE_MODULES = YES;
				CODE_SIGN_IDENTITY = "iPhone Developer";
				"CODE_SIGN_IDENTITY[sdk=iphoneos*]" = "iPhone Developer";
				DEVELOPMENT_TEAM = 75S72XSE7T;
				INFOPLIST_FILE = WKBaseServicesSwift/Info.plist;
				IPHONEOS_DEPLOYMENT_TARGET = 8.0;
				LD_RUNPATH_SEARCH_PATHS = "$(inherited) @executable_path/Frameworks";
				PRODUCT_BUNDLE_IDENTIFIER = com.guoweikun.WKBaseServicesSwift;
				PRODUCT_NAME = "$(TARGET_NAME)";
				PROVISIONING_PROFILE = "fb9c3517-d93e-4ba1-84a2-671b21a5c925";
				PROVISIONING_PROFILE_SPECIFIER = CommonDevelopment;
				SWIFT_INCLUDE_PATHS = "${SRCROOT}/Sources";
				SWIFT_OBJC_BRIDGING_HEADER = "";
				SWIFT_OPTIMIZATION_LEVEL = "-Onone";
				SWIFT_VERSION = 3.0.1;
			};
			name = Debug;
		};
		C84575341D3CCCF2007C936A /* Release */ = {
			isa = XCBuildConfiguration;
			baseConfigurationReference = 8CFCBD9E1E8FB3AAB740AB34 /* Pods-WKBaseServicesSwift.release.xcconfig */;
			buildSettings = {
				ASSETCATALOG_COMPILER_APPICON_NAME = AppIcon;
				CLANG_ENABLE_MODULES = YES;
				CODE_SIGN_IDENTITY = "iPhone Developer";
				"CODE_SIGN_IDENTITY[sdk=iphoneos*]" = "iPhone Developer";
				DEVELOPMENT_TEAM = 75S72XSE7T;
				INFOPLIST_FILE = WKBaseServicesSwift/Info.plist;
				IPHONEOS_DEPLOYMENT_TARGET = 8.0;
				LD_RUNPATH_SEARCH_PATHS = "$(inherited) @executable_path/Frameworks";
				PRODUCT_BUNDLE_IDENTIFIER = com.guoweikun.WKBaseServicesSwift;
				PRODUCT_NAME = "$(TARGET_NAME)";
				PROVISIONING_PROFILE = "fb9c3517-d93e-4ba1-84a2-671b21a5c925";
				PROVISIONING_PROFILE_SPECIFIER = CommonDevelopment;
				SWIFT_INCLUDE_PATHS = "${SRCROOT}/Sources";
				SWIFT_OBJC_BRIDGING_HEADER = "";
				SWIFT_VERSION = 3.0.1;
			};
			name = Release;
		};
/* End XCBuildConfiguration section */

/* Begin XCConfigurationList section */
		C845751B1D3CCCF2007C936A /* Build configuration list for PBXProject "WKBaseServicesSwift" */ = {
			isa = XCConfigurationList;
			buildConfigurations = (
				C84575301D3CCCF2007C936A /* Debug */,
				C84575311D3CCCF2007C936A /* Release */,
			);
			defaultConfigurationIsVisible = 0;
			defaultConfigurationName = Release;
		};
		C84575321D3CCCF2007C936A /* Build configuration list for PBXNativeTarget "WKBaseServicesSwift" */ = {
			isa = XCConfigurationList;
			buildConfigurations = (
				C84575331D3CCCF2007C936A /* Debug */,
				C84575341D3CCCF2007C936A /* Release */,
			);
			defaultConfigurationIsVisible = 0;
			defaultConfigurationName = Release;
		};
/* End XCConfigurationList section */
	};
	rootObject = C84575181D3CCCF2007C936A /* Project object */;
}
